// !$*UTF8*$!
{
	archiveVersion = 1;
	classes = {
	};
	objectVersion = 50;
	objects = {

/* Begin PBXBuildFile section */
		5DC2CC9222F82D1600FCDFD4 /* AppDelegate.swift in Sources */ = {isa = PBXBuildFile; fileRef = 5DC2CC9122F82D1600FCDFD4 /* AppDelegate.swift */; };
		5DC2CC9422F82D1600FCDFD4 /* ViewController.swift in Sources */ = {isa = PBXBuildFile; fileRef = 5DC2CC9322F82D1600FCDFD4 /* ViewController.swift */; };
		5DC2CC9722F82D1600FCDFD4 /* Main.storyboard in Resources */ = {isa = PBXBuildFile; fileRef = 5DC2CC9522F82D1600FCDFD4 /* Main.storyboard */; };
		5DC2CC9922F82D1700FCDFD4 /* Assets.xcassets in Resources */ = {isa = PBXBuildFile; fileRef = 5DC2CC9822F82D1700FCDFD4 /* Assets.xcassets */; };
		5DC2CC9C22F82D1700FCDFD4 /* LaunchScreen.storyboard in Resources */ = {isa = PBXBuildFile; fileRef = 5DC2CC9A22F82D1700FCDFD4 /* LaunchScreen.storyboard */; };
		5DC2CCAC22F82D4600FCDFD4 /* MultipleAssetsSelection.h in Headers */ = {isa = PBXBuildFile; fileRef = 5DC2CCAA22F82D4600FCDFD4 /* MultipleAssetsSelection.h */; settings = {ATTRIBUTES = (Public, ); }; };
		5DC2CCAF22F82D4600FCDFD4 /* MultipleAssetsSelection.framework in Frameworks */ = {isa = PBXBuildFile; fileRef = 5DC2CCA822F82D4600FCDFD4 /* MultipleAssetsSelection.framework */; };
		5DC2CCB022F82D4600FCDFD4 /* MultipleAssetsSelection.framework in Embed Frameworks */ = {isa = PBXBuildFile; fileRef = 5DC2CCA822F82D4600FCDFD4 /* MultipleAssetsSelection.framework */; settings = {ATTRIBUTES = (CodeSignOnCopy, RemoveHeadersOnCopy, ); }; };
		5DC2CD8422F844E500FCDFD4 /* AssetsPickerCustomStringConfig.swift in Sources */ = {isa = PBXBuildFile; fileRef = 5DC2CD4122F844E500FCDFD4 /* AssetsPickerCustomStringConfig.swift */; };
		5DC2CD8522F844E500FCDFD4 /* AssetsPickerViewController.swift in Sources */ = {isa = PBXBuildFile; fileRef = 5DC2CD4322F844E500FCDFD4 /* AssetsPickerViewController.swift */; };
		5DC2CD8622F844E500FCDFD4 /* SSCheckMark.swift in Sources */ = {isa = PBXBuildFile; fileRef = 5DC2CD4522F844E500FCDFD4 /* SSCheckMark.swift */; };
		5DC2CD8722F844E500FCDFD4 /* AssetsGuideView.swift in Sources */ = {isa = PBXBuildFile; fileRef = 5DC2CD4622F844E500FCDFD4 /* AssetsGuideView.swift */; };
		5DC2CD8822F844E500FCDFD4 /* AssetsPickerConfig.swift in Sources */ = {isa = PBXBuildFile; fileRef = 5DC2CD4722F844E500FCDFD4 /* AssetsPickerConfig.swift */; };
		5DC2CD8A22F844E500FCDFD4 /* AssetsCropViewController.swift in Sources */ = {isa = PBXBuildFile; fileRef = 5DC2CD4B22F844E500FCDFD4 /* AssetsCropViewController.swift */; };
		5DC2CD8B22F844E500FCDFD4 /* UIColor+ARGB.swift in Sources */ = {isa = PBXBuildFile; fileRef = 5DC2CD4E22F844E500FCDFD4 /* UIColor+ARGB.swift */; };
		5DC2CD8C22F844E500FCDFD4 /* UIView+Dimmer.swift in Sources */ = {isa = PBXBuildFile; fileRef = 5DC2CD4F22F844E500FCDFD4 /* UIView+Dimmer.swift */; };
		5DC2CD8D22F844E500FCDFD4 /* UIView+KVO.swift in Sources */ = {isa = PBXBuildFile; fileRef = 5DC2CD5022F844E500FCDFD4 /* UIView+KVO.swift */; };
		5DC2CD8E22F844E500FCDFD4 /* UIView+Fade.swift in Sources */ = {isa = PBXBuildFile; fileRef = 5DC2CD5122F844E500FCDFD4 /* UIView+Fade.swift */; };
		5DC2CD8F22F844E500FCDFD4 /* TinyLog.swift in Sources */ = {isa = PBXBuildFile; fileRef = 5DC2CD5322F844E500FCDFD4 /* TinyLog.swift */; };
		5DC2CD9022F844E500FCDFD4 /* AssetsManager.swift in Sources */ = {isa = PBXBuildFile; fileRef = 5DC2CD5522F844E500FCDFD4 /* AssetsManager.swift */; };
		5DC2CD9122F844E500FCDFD4 /* AssetsManager+Sync.swift in Sources */ = {isa = PBXBuildFile; fileRef = 5DC2CD5622F844E500FCDFD4 /* AssetsManager+Sync.swift */; };
		5DC2CD9222F844E500FCDFD4 /* AssetsUtility.swift in Sources */ = {isa = PBXBuildFile; fileRef = 5DC2CD5722F844E500FCDFD4 /* AssetsUtility.swift */; };
		5DC2CD9322F844E500FCDFD4 /* AssetsAlbumViewController.swift in Sources */ = {isa = PBXBuildFile; fileRef = 5DC2CD5A22F844E500FCDFD4 /* AssetsAlbumViewController.swift */; };
		5DC2CD9422F844E500FCDFD4 /* AssetsAlbumLayout.swift in Sources */ = {isa = PBXBuildFile; fileRef = 5DC2CD5C22F844E500FCDFD4 /* AssetsAlbumLayout.swift */; };
		5DC2CD9522F844E500FCDFD4 /* AssetsAlbumHeaderView.swift in Sources */ = {isa = PBXBuildFile; fileRef = 5DC2CD5D22F844E500FCDFD4 /* AssetsAlbumHeaderView.swift */; };
		5DC2CD9622F844E500FCDFD4 /* AssetsAlbumCell.swift in Sources */ = {isa = PBXBuildFile; fileRef = 5DC2CD5E22F844E500FCDFD4 /* AssetsAlbumCell.swift */; };
		5DC2CD9722F844E500FCDFD4 /* AssetsAlbumTitleView.swift in Sources */ = {isa = PBXBuildFile; fileRef = 5DC2CD5F22F844E500FCDFD4 /* AssetsAlbumTitleView.swift */; };
		5DC2CD9822F844E500FCDFD4 /* AssetsPreviewController.swift in Sources */ = {isa = PBXBuildFile; fileRef = 5DC2CD6222F844E500FCDFD4 /* AssetsPreviewController.swift */; };
		5DC2CD9922F844E500FCDFD4 /* AssetsPhotoViewController.swift in Sources */ = {isa = PBXBuildFile; fileRef = 5DC2CD6322F844E500FCDFD4 /* AssetsPhotoViewController.swift */; };
		5DC2CD9A22F844E500FCDFD4 /* PanoramaIconView.swift in Sources */ = {isa = PBXBuildFile; fileRef = 5DC2CD6522F844E500FCDFD4 /* PanoramaIconView.swift */; };
		5DC2CD9B22F844E500FCDFD4 /* AssetsNoPermissionView.swift in Sources */ = {isa = PBXBuildFile; fileRef = 5DC2CD6622F844E500FCDFD4 /* AssetsNoPermissionView.swift */; };
		5DC2CD9C22F844E500FCDFD4 /* AssetsPhotoLayout.swift in Sources */ = {isa = PBXBuildFile; fileRef = 5DC2CD6722F844E500FCDFD4 /* AssetsPhotoLayout.swift */; };
		5DC2CD9D22F844E500FCDFD4 /* AssetsPhotoCellOverlay.swift in Sources */ = {isa = PBXBuildFile; fileRef = 5DC2CD6822F844E500FCDFD4 /* AssetsPhotoCellOverlay.swift */; };
		5DC2CD9E22F844E500FCDFD4 /* AssetsPhotoCell.swift in Sources */ = {isa = PBXBuildFile; fileRef = 5DC2CD6922F844E500FCDFD4 /* AssetsPhotoCell.swift */; };
		5DC2CD9F22F844E500FCDFD4 /* AssetsFooterView.swift in Sources */ = {isa = PBXBuildFile; fileRef = 5DC2CD6A22F844E500FCDFD4 /* AssetsFooterView.swift */; };
		5DC2CDA022F844E500FCDFD4 /* AssetsEmptyView.swift in Sources */ = {isa = PBXBuildFile; fileRef = 5DC2CD6B22F844E500FCDFD4 /* AssetsEmptyView.swift */; };
		5DC2CDA122F844E500FCDFD4 /* NumberFormatter+AssetsPickerViewController.swift in Sources */ = {isa = PBXBuildFile; fileRef = 5DC2CD6D22F844E500FCDFD4 /* NumberFormatter+AssetsPickerViewController.swift */; };
		5DC2CDA222F844E500FCDFD4 /* UIScreen+AssetsPickerViewController.swift in Sources */ = {isa = PBXBuildFile; fileRef = 5DC2CD6E22F844E500FCDFD4 /* UIScreen+AssetsPickerViewController.swift */; };
		5DC2CDA322F844E500FCDFD4 /* UIFont+AssetsPickerViewController.swift in Sources */ = {isa = PBXBuildFile; fileRef = 5DC2CD6F22F844E500FCDFD4 /* UIFont+AssetsPickerViewController.swift */; };
		5DC2CDA422F844E500FCDFD4 /* String+AssetsPickerViewController.swift in Sources */ = {isa = PBXBuildFile; fileRef = 5DC2CD7022F844E500FCDFD4 /* String+AssetsPickerViewController.swift */; };
		5DC2CDA522F844E500FCDFD4 /* Bundle+AssetsPickerViewController.swift in Sources */ = {isa = PBXBuildFile; fileRef = 5DC2CD7122F844E500FCDFD4 /* Bundle+AssetsPickerViewController.swift */; };
		5DC2CDA622F844E500FCDFD4 /* Device+AssetsPickerViewController.swift in Sources */ = {isa = PBXBuildFile; fileRef = 5DC2CD7222F844E500FCDFD4 /* Device+AssetsPickerViewController.swift */; };
		5DC2CDA722F844E500FCDFD4 /* AssetsPickerViewController.strings in Resources */ = {isa = PBXBuildFile; fileRef = 5DC2CD7422F844E500FCDFD4 /* AssetsPickerViewController.strings */; };
/* End PBXBuildFile section */

/* Begin PBXContainerItemProxy section */
		5DC2CCAD22F82D4600FCDFD4 /* PBXContainerItemProxy */ = {
			isa = PBXContainerItemProxy;
			containerPortal = 5DC2CC8622F82D1600FCDFD4 /* Project object */;
			proxyType = 1;
			remoteGlobalIDString = 5DC2CCA722F82D4600FCDFD4;
			remoteInfo = MultipleAssetsSelection;
		};
/* End PBXContainerItemProxy section */

/* Begin PBXCopyFilesBuildPhase section */
		5DC2CCB422F82D4600FCDFD4 /* Embed Frameworks */ = {
			isa = PBXCopyFilesBuildPhase;
			buildActionMask = 2147483647;
			dstPath = "";
			dstSubfolderSpec = 10;
			files = (
				5DC2CCB022F82D4600FCDFD4 /* MultipleAssetsSelection.framework in Embed Frameworks */,
			);
			name = "Embed Frameworks";
			runOnlyForDeploymentPostprocessing = 0;
		};
/* End PBXCopyFilesBuildPhase section */

/* Begin PBXFileReference section */
		5DC2CC8E22F82D1600FCDFD4 /* MultipleMediaDemo.app */ = {isa = PBXFileReference; explicitFileType = wrapper.application; includeInIndex = 0; path = MultipleMediaDemo.app; sourceTree = BUILT_PRODUCTS_DIR; };
		5DC2CC9122F82D1600FCDFD4 /* AppDelegate.swift */ = {isa = PBXFileReference; lastKnownFileType = sourcecode.swift; path = AppDelegate.swift; sourceTree = "<group>"; };
		5DC2CC9322F82D1600FCDFD4 /* ViewController.swift */ = {isa = PBXFileReference; lastKnownFileType = sourcecode.swift; path = ViewController.swift; sourceTree = "<group>"; };
		5DC2CC9622F82D1600FCDFD4 /* Base */ = {isa = PBXFileReference; lastKnownFileType = file.storyboard; name = Base; path = Base.lproj/Main.storyboard; sourceTree = "<group>"; };
		5DC2CC9822F82D1700FCDFD4 /* Assets.xcassets */ = {isa = PBXFileReference; lastKnownFileType = folder.assetcatalog; path = Assets.xcassets; sourceTree = "<group>"; };
		5DC2CC9B22F82D1700FCDFD4 /* Base */ = {isa = PBXFileReference; lastKnownFileType = file.storyboard; name = Base; path = Base.lproj/LaunchScreen.storyboard; sourceTree = "<group>"; };
		5DC2CC9D22F82D1700FCDFD4 /* Info.plist */ = {isa = PBXFileReference; lastKnownFileType = text.plist.xml; path = Info.plist; sourceTree = "<group>"; };
		5DC2CCA822F82D4600FCDFD4 /* MultipleAssetsSelection.framework */ = {isa = PBXFileReference; explicitFileType = wrapper.framework; includeInIndex = 0; path = MultipleAssetsSelection.framework; sourceTree = BUILT_PRODUCTS_DIR; };
		5DC2CCAA22F82D4600FCDFD4 /* MultipleAssetsSelection.h */ = {isa = PBXFileReference; lastKnownFileType = sourcecode.c.h; path = MultipleAssetsSelection.h; sourceTree = "<group>"; };
		5DC2CCAB22F82D4600FCDFD4 /* Info.plist */ = {isa = PBXFileReference; lastKnownFileType = text.plist.xml; path = Info.plist; sourceTree = "<group>"; };
		5DC2CD4122F844E500FCDFD4 /* AssetsPickerCustomStringConfig.swift */ = {isa = PBXFileReference; fileEncoding = 4; lastKnownFileType = sourcecode.swift; path = AssetsPickerCustomStringConfig.swift; sourceTree = "<group>"; };
		5DC2CD4322F844E500FCDFD4 /* AssetsPickerViewController.swift */ = {isa = PBXFileReference; fileEncoding = 4; lastKnownFileType = sourcecode.swift; path = AssetsPickerViewController.swift; sourceTree = "<group>"; };
		5DC2CD4522F844E500FCDFD4 /* SSCheckMark.swift */ = {isa = PBXFileReference; fileEncoding = 4; lastKnownFileType = sourcecode.swift; path = SSCheckMark.swift; sourceTree = "<group>"; };
		5DC2CD4622F844E500FCDFD4 /* AssetsGuideView.swift */ = {isa = PBXFileReference; fileEncoding = 4; lastKnownFileType = sourcecode.swift; path = AssetsGuideView.swift; sourceTree = "<group>"; };
		5DC2CD4722F844E500FCDFD4 /* AssetsPickerConfig.swift */ = {isa = PBXFileReference; fileEncoding = 4; lastKnownFileType = sourcecode.swift; path = AssetsPickerConfig.swift; sourceTree = "<group>"; };
		5DC2CD4B22F844E500FCDFD4 /* AssetsCropViewController.swift */ = {isa = PBXFileReference; fileEncoding = 4; lastKnownFileType = sourcecode.swift; path = AssetsCropViewController.swift; sourceTree = "<group>"; };
		5DC2CD4E22F844E500FCDFD4 /* UIColor+ARGB.swift */ = {isa = PBXFileReference; fileEncoding = 4; lastKnownFileType = sourcecode.swift; path = "UIColor+ARGB.swift"; sourceTree = "<group>"; };
		5DC2CD4F22F844E500FCDFD4 /* UIView+Dimmer.swift */ = {isa = PBXFileReference; fileEncoding = 4; lastKnownFileType = sourcecode.swift; path = "UIView+Dimmer.swift"; sourceTree = "<group>"; };
		5DC2CD5022F844E500FCDFD4 /* UIView+KVO.swift */ = {isa = PBXFileReference; fileEncoding = 4; lastKnownFileType = sourcecode.swift; path = "UIView+KVO.swift"; sourceTree = "<group>"; };
		5DC2CD5122F844E500FCDFD4 /* UIView+Fade.swift */ = {isa = PBXFileReference; fileEncoding = 4; lastKnownFileType = sourcecode.swift; path = "UIView+Fade.swift"; sourceTree = "<group>"; };
		5DC2CD5322F844E500FCDFD4 /* TinyLog.swift */ = {isa = PBXFileReference; fileEncoding = 4; lastKnownFileType = sourcecode.swift; path = TinyLog.swift; sourceTree = "<group>"; };
		5DC2CD5522F844E500FCDFD4 /* AssetsManager.swift */ = {isa = PBXFileReference; fileEncoding = 4; lastKnownFileType = sourcecode.swift; path = AssetsManager.swift; sourceTree = "<group>"; };
		5DC2CD5622F844E500FCDFD4 /* AssetsManager+Sync.swift */ = {isa = PBXFileReference; fileEncoding = 4; lastKnownFileType = sourcecode.swift; path = "AssetsManager+Sync.swift"; sourceTree = "<group>"; };
		5DC2CD5722F844E500FCDFD4 /* AssetsUtility.swift */ = {isa = PBXFileReference; fileEncoding = 4; lastKnownFileType = sourcecode.swift; path = AssetsUtility.swift; sourceTree = "<group>"; };
		5DC2CD5A22F844E500FCDFD4 /* AssetsAlbumViewController.swift */ = {isa = PBXFileReference; fileEncoding = 4; lastKnownFileType = sourcecode.swift; path = AssetsAlbumViewController.swift; sourceTree = "<group>"; };
		5DC2CD5C22F844E500FCDFD4 /* AssetsAlbumLayout.swift */ = {isa = PBXFileReference; fileEncoding = 4; lastKnownFileType = sourcecode.swift; path = AssetsAlbumLayout.swift; sourceTree = "<group>"; };
		5DC2CD5D22F844E500FCDFD4 /* AssetsAlbumHeaderView.swift */ = {isa = PBXFileReference; fileEncoding = 4; lastKnownFileType = sourcecode.swift; path = AssetsAlbumHeaderView.swift; sourceTree = "<group>"; };
		5DC2CD5E22F844E500FCDFD4 /* AssetsAlbumCell.swift */ = {isa = PBXFileReference; fileEncoding = 4; lastKnownFileType = sourcecode.swift; path = AssetsAlbumCell.swift; sourceTree = "<group>"; };
		5DC2CD5F22F844E500FCDFD4 /* AssetsAlbumTitleView.swift */ = {isa = PBXFileReference; fileEncoding = 4; lastKnownFileType = sourcecode.swift; path = AssetsAlbumTitleView.swift; sourceTree = "<group>"; };
		5DC2CD6222F844E500FCDFD4 /* AssetsPreviewController.swift */ = {isa = PBXFileReference; fileEncoding = 4; lastKnownFileType = sourcecode.swift; path = AssetsPreviewController.swift; sourceTree = "<group>"; };
		5DC2CD6322F844E500FCDFD4 /* AssetsPhotoViewController.swift */ = {isa = PBXFileReference; fileEncoding = 4; lastKnownFileType = sourcecode.swift; path = AssetsPhotoViewController.swift; sourceTree = "<group>"; };
		5DC2CD6522F844E500FCDFD4 /* PanoramaIconView.swift */ = {isa = PBXFileReference; fileEncoding = 4; lastKnownFileType = sourcecode.swift; path = PanoramaIconView.swift; sourceTree = "<group>"; };
		5DC2CD6622F844E500FCDFD4 /* AssetsNoPermissionView.swift */ = {isa = PBXFileReference; fileEncoding = 4; lastKnownFileType = sourcecode.swift; path = AssetsNoPermissionView.swift; sourceTree = "<group>"; };
		5DC2CD6722F844E500FCDFD4 /* AssetsPhotoLayout.swift */ = {isa = PBXFileReference; fileEncoding = 4; lastKnownFileType = sourcecode.swift; path = AssetsPhotoLayout.swift; sourceTree = "<group>"; };
		5DC2CD6822F844E500FCDFD4 /* AssetsPhotoCellOverlay.swift */ = {isa = PBXFileReference; fileEncoding = 4; lastKnownFileType = sourcecode.swift; path = AssetsPhotoCellOverlay.swift; sourceTree = "<group>"; };
		5DC2CD6922F844E500FCDFD4 /* AssetsPhotoCell.swift */ = {isa = PBXFileReference; fileEncoding = 4; lastKnownFileType = sourcecode.swift; path = AssetsPhotoCell.swift; sourceTree = "<group>"; };
		5DC2CD6A22F844E500FCDFD4 /* AssetsFooterView.swift */ = {isa = PBXFileReference; fileEncoding = 4; lastKnownFileType = sourcecode.swift; path = AssetsFooterView.swift; sourceTree = "<group>"; };
		5DC2CD6B22F844E500FCDFD4 /* AssetsEmptyView.swift */ = {isa = PBXFileReference; fileEncoding = 4; lastKnownFileType = sourcecode.swift; path = AssetsEmptyView.swift; sourceTree = "<group>"; };
		5DC2CD6D22F844E500FCDFD4 /* NumberFormatter+AssetsPickerViewController.swift */ = {isa = PBXFileReference; fileEncoding = 4; lastKnownFileType = sourcecode.swift; path = "NumberFormatter+AssetsPickerViewController.swift"; sourceTree = "<group>"; };
		5DC2CD6E22F844E500FCDFD4 /* UIScreen+AssetsPickerViewController.swift */ = {isa = PBXFileReference; fileEncoding = 4; lastKnownFileType = sourcecode.swift; path = "UIScreen+AssetsPickerViewController.swift"; sourceTree = "<group>"; };
		5DC2CD6F22F844E500FCDFD4 /* UIFont+AssetsPickerViewController.swift */ = {isa = PBXFileReference; fileEncoding = 4; lastKnownFileType = sourcecode.swift; path = "UIFont+AssetsPickerViewController.swift"; sourceTree = "<group>"; };
		5DC2CD7022F844E500FCDFD4 /* String+AssetsPickerViewController.swift */ = {isa = PBXFileReference; fileEncoding = 4; lastKnownFileType = sourcecode.swift; path = "String+AssetsPickerViewController.swift"; sourceTree = "<group>"; };
		5DC2CD7122F844E500FCDFD4 /* Bundle+AssetsPickerViewController.swift */ = {isa = PBXFileReference; fileEncoding = 4; lastKnownFileType = sourcecode.swift; path = "Bundle+AssetsPickerViewController.swift"; sourceTree = "<group>"; };
		5DC2CD7222F844E500FCDFD4 /* Device+AssetsPickerViewController.swift */ = {isa = PBXFileReference; fileEncoding = 4; lastKnownFileType = sourcecode.swift; path = "Device+AssetsPickerViewController.swift"; sourceTree = "<group>"; };
		5DC2CD7522F844E500FCDFD4 /* de */ = {isa = PBXFileReference; lastKnownFileType = text.plist.strings; name = de; path = de.lproj/AssetsPickerViewController.strings; sourceTree = "<group>"; };
		5DC2CD7622F844E500FCDFD4 /* ar */ = {isa = PBXFileReference; lastKnownFileType = text.plist.strings; name = ar; path = ar.lproj/AssetsPickerViewController.strings; sourceTree = "<group>"; };
		5DC2CD7722F844E500FCDFD4 /* zh-Hans */ = {isa = PBXFileReference; lastKnownFileType = text.plist.strings; name = "zh-Hans"; path = "zh-Hans.lproj/AssetsPickerViewController.strings"; sourceTree = "<group>"; };
		5DC2CD7822F844E500FCDFD4 /* ja */ = {isa = PBXFileReference; lastKnownFileType = text.plist.strings; name = ja; path = ja.lproj/AssetsPickerViewController.strings; sourceTree = "<group>"; };
		5DC2CD7922F844E500FCDFD4 /* en */ = {isa = PBXFileReference; lastKnownFileType = text.plist.strings; name = en; path = en.lproj/AssetsPickerViewController.strings; sourceTree = "<group>"; };
		5DC2CD7A22F844E500FCDFD4 /* es */ = {isa = PBXFileReference; lastKnownFileType = text.plist.strings; name = es; path = es.lproj/AssetsPickerViewController.strings; sourceTree = "<group>"; };
		5DC2CD7C22F844E500FCDFD4 /* ko */ = {isa = PBXFileReference; lastKnownFileType = text.plist.strings; name = ko; path = ko.lproj/AssetsPickerViewController.strings; sourceTree = "<group>"; };
		5DC2CD7D22F844E500FCDFD4 /* zh-Hant */ = {isa = PBXFileReference; lastKnownFileType = text.plist.strings; name = "zh-Hant"; path = "zh-Hant.lproj/AssetsPickerViewController.strings"; sourceTree = "<group>"; };
		5DC2CD7E22F844E500FCDFD4 /* hi-IN */ = {isa = PBXFileReference; lastKnownFileType = text.plist.strings; name = "hi-IN"; path = "hi-IN.lproj/AssetsPickerViewController.strings"; sourceTree = "<group>"; };
		5DC2CD7F22F844E500FCDFD4 /* tr */ = {isa = PBXFileReference; lastKnownFileType = text.plist.strings; name = tr; path = tr.lproj/AssetsPickerViewController.strings; sourceTree = "<group>"; };
		5DC2CD8022F844E500FCDFD4 /* es-MX */ = {isa = PBXFileReference; lastKnownFileType = text.plist.strings; name = "es-MX"; path = "es-MX.lproj/AssetsPickerViewController.strings"; sourceTree = "<group>"; };
		5DC2CD8122F844E500FCDFD4 /* ru */ = {isa = PBXFileReference; lastKnownFileType = text.plist.strings; name = ru; path = ru.lproj/AssetsPickerViewController.strings; sourceTree = "<group>"; };
		5DC2CD8222F844E500FCDFD4 /* fr */ = {isa = PBXFileReference; lastKnownFileType = text.plist.strings; name = fr; path = fr.lproj/AssetsPickerViewController.strings; sourceTree = "<group>"; };
		5DC2CD8322F844E500FCDFD4 /* id */ = {isa = PBXFileReference; lastKnownFileType = text.plist.strings; name = id; path = id.lproj/AssetsPickerViewController.strings; sourceTree = "<group>"; };
/* End PBXFileReference section */

/* Begin PBXFrameworksBuildPhase section */
		5DC2CC8B22F82D1600FCDFD4 /* Frameworks */ = {
			isa = PBXFrameworksBuildPhase;
			buildActionMask = 2147483647;
			files = (
				5DC2CCAF22F82D4600FCDFD4 /* MultipleAssetsSelection.framework in Frameworks */,
			);
			runOnlyForDeploymentPostprocessing = 0;
		};
		5DC2CCA522F82D4600FCDFD4 /* Frameworks */ = {
			isa = PBXFrameworksBuildPhase;
			buildActionMask = 2147483647;
			files = (
			);
			runOnlyForDeploymentPostprocessing = 0;
		};
/* End PBXFrameworksBuildPhase section */

/* Begin PBXGroup section */
		5DC2CC8522F82D1600FCDFD4 = {
			isa = PBXGroup;
			children = (
				5DC2CC9022F82D1600FCDFD4 /* MultipleMediaDemo */,
				5DC2CCA922F82D4600FCDFD4 /* MultipleAssetsSelection */,
				5DC2CC8F22F82D1600FCDFD4 /* Products */,
			);
			sourceTree = "<group>";
		};
		5DC2CC8F22F82D1600FCDFD4 /* Products */ = {
			isa = PBXGroup;
			children = (
				5DC2CC8E22F82D1600FCDFD4 /* MultipleMediaDemo.app */,
				5DC2CCA822F82D4600FCDFD4 /* MultipleAssetsSelection.framework */,
			);
			name = Products;
			sourceTree = "<group>";
		};
		5DC2CC9022F82D1600FCDFD4 /* MultipleMediaDemo */ = {
			isa = PBXGroup;
			children = (
				5DC2CC9122F82D1600FCDFD4 /* AppDelegate.swift */,
				5DC2CC9322F82D1600FCDFD4 /* ViewController.swift */,
				5DC2CC9522F82D1600FCDFD4 /* Main.storyboard */,
				5DC2CC9822F82D1700FCDFD4 /* Assets.xcassets */,
				5DC2CC9A22F82D1700FCDFD4 /* LaunchScreen.storyboard */,
				5DC2CC9D22F82D1700FCDFD4 /* Info.plist */,
			);
			path = MultipleMediaDemo;
			sourceTree = "<group>";
		};
		5DC2CCA922F82D4600FCDFD4 /* MultipleAssetsSelection */ = {
			isa = PBXGroup;
			children = (
				5DC2CCF922F8422900FCDFD4 /* AssetsPickerViewController */,
				5DC2CCAA22F82D4600FCDFD4 /* MultipleAssetsSelection.h */,
				5DC2CCAB22F82D4600FCDFD4 /* Info.plist */,
			);
			path = MultipleAssetsSelection;
			sourceTree = "<group>";
		};
		5DC2CCF922F8422900FCDFD4 /* AssetsPickerViewController */ = {
			isa = PBXGroup;
			children = (
				5DC2CD7322F844E500FCDFD4 /* Assets */,
				5DC2CD3F22F844E500FCDFD4 /* Classes */,
			);
			path = AssetsPickerViewController;
			sourceTree = "<group>";
		};
		5DC2CD3F22F844E500FCDFD4 /* Classes */ = {
			isa = PBXGroup;
			children = (
				5DC2CD4022F844E500FCDFD4 /* Picker */,
				5DC2CD4922F844E500FCDFD4 /* Crop */,
				5DC2CD4C22F844E500FCDFD4 /* Library */,
				5DC2CD5422F844E500FCDFD4 /* Assets */,
				5DC2CD5822F844E500FCDFD4 /* Album */,
				5DC2CD6022F844E500FCDFD4 /* Photo */,
				5DC2CD6C22F844E500FCDFD4 /* Utility */,
			);
			path = Classes;
			sourceTree = "<group>";
		};
		5DC2CD4022F844E500FCDFD4 /* Picker */ = {
			isa = PBXGroup;
			children = (
				5DC2CD4122F844E500FCDFD4 /* AssetsPickerCustomStringConfig.swift */,
				5DC2CD4222F844E500FCDFD4 /* Controller */,
				5DC2CD4422F844E500FCDFD4 /* View */,
				5DC2CD4722F844E500FCDFD4 /* AssetsPickerConfig.swift */,
			);
			path = Picker;
			sourceTree = "<group>";
		};
		5DC2CD4222F844E500FCDFD4 /* Controller */ = {
			isa = PBXGroup;
			children = (
				5DC2CD4322F844E500FCDFD4 /* AssetsPickerViewController.swift */,
			);
			path = Controller;
			sourceTree = "<group>";
		};
		5DC2CD4422F844E500FCDFD4 /* View */ = {
			isa = PBXGroup;
			children = (
				5DC2CD4522F844E500FCDFD4 /* SSCheckMark.swift */,
				5DC2CD4622F844E500FCDFD4 /* AssetsGuideView.swift */,
			);
			path = View;
			sourceTree = "<group>";
		};
		5DC2CD4922F844E500FCDFD4 /* Crop */ = {
			isa = PBXGroup;
			children = (
				5DC2CD4A22F844E500FCDFD4 /* Controller */,
			);
			path = Crop;
			sourceTree = "<group>";
		};
		5DC2CD4A22F844E500FCDFD4 /* Controller */ = {
			isa = PBXGroup;
			children = (
				5DC2CD4B22F844E500FCDFD4 /* AssetsCropViewController.swift */,
			);
			path = Controller;
			sourceTree = "<group>";
		};
		5DC2CD4C22F844E500FCDFD4 /* Library */ = {
			isa = PBXGroup;
			children = (
				5DC2CD4D22F844E500FCDFD4 /* Extensions */,
				5DC2CD5222F844E500FCDFD4 /* TinyLog */,
			);
			path = Library;
			sourceTree = "<group>";
		};
		5DC2CD4D22F844E500FCDFD4 /* Extensions */ = {
			isa = PBXGroup;
			children = (
				5DC2CD4E22F844E500FCDFD4 /* UIColor+ARGB.swift */,
				5DC2CD4F22F844E500FCDFD4 /* UIView+Dimmer.swift */,
				5DC2CD5022F844E500FCDFD4 /* UIView+KVO.swift */,
				5DC2CD5122F844E500FCDFD4 /* UIView+Fade.swift */,
			);
			path = Extensions;
			sourceTree = "<group>";
		};
		5DC2CD5222F844E500FCDFD4 /* TinyLog */ = {
			isa = PBXGroup;
			children = (
				5DC2CD5322F844E500FCDFD4 /* TinyLog.swift */,
			);
			path = TinyLog;
			sourceTree = "<group>";
		};
		5DC2CD5422F844E500FCDFD4 /* Assets */ = {
			isa = PBXGroup;
			children = (
				5DC2CD5522F844E500FCDFD4 /* AssetsManager.swift */,
				5DC2CD5622F844E500FCDFD4 /* AssetsManager+Sync.swift */,
				5DC2CD5722F844E500FCDFD4 /* AssetsUtility.swift */,
			);
			path = Assets;
			sourceTree = "<group>";
		};
		5DC2CD5822F844E500FCDFD4 /* Album */ = {
			isa = PBXGroup;
			children = (
				5DC2CD5922F844E500FCDFD4 /* Controller */,
				5DC2CD5B22F844E500FCDFD4 /* View */,
			);
			path = Album;
			sourceTree = "<group>";
		};
		5DC2CD5922F844E500FCDFD4 /* Controller */ = {
			isa = PBXGroup;
			children = (
				5DC2CD5A22F844E500FCDFD4 /* AssetsAlbumViewController.swift */,
			);
			path = Controller;
			sourceTree = "<group>";
		};
		5DC2CD5B22F844E500FCDFD4 /* View */ = {
			isa = PBXGroup;
			children = (
				5DC2CD5C22F844E500FCDFD4 /* AssetsAlbumLayout.swift */,
				5DC2CD5D22F844E500FCDFD4 /* AssetsAlbumHeaderView.swift */,
				5DC2CD5E22F844E500FCDFD4 /* AssetsAlbumCell.swift */,
				5DC2CD5F22F844E500FCDFD4 /* AssetsAlbumTitleView.swift */,
			);
			path = View;
			sourceTree = "<group>";
		};
		5DC2CD6022F844E500FCDFD4 /* Photo */ = {
			isa = PBXGroup;
			children = (
				5DC2CD6122F844E500FCDFD4 /* Controller */,
				5DC2CD6422F844E500FCDFD4 /* View */,
			);
			path = Photo;
			sourceTree = "<group>";
		};
		5DC2CD6122F844E500FCDFD4 /* Controller */ = {
			isa = PBXGroup;
			children = (
				5DC2CD6222F844E500FCDFD4 /* AssetsPreviewController.swift */,
				5DC2CD6322F844E500FCDFD4 /* AssetsPhotoViewController.swift */,
			);
			path = Controller;
			sourceTree = "<group>";
		};
		5DC2CD6422F844E500FCDFD4 /* View */ = {
			isa = PBXGroup;
			children = (
				5DC2CD6522F844E500FCDFD4 /* PanoramaIconView.swift */,
				5DC2CD6622F844E500FCDFD4 /* AssetsNoPermissionView.swift */,
				5DC2CD6722F844E500FCDFD4 /* AssetsPhotoLayout.swift */,
				5DC2CD6822F844E500FCDFD4 /* AssetsPhotoCellOverlay.swift */,
				5DC2CD6922F844E500FCDFD4 /* AssetsPhotoCell.swift */,
				5DC2CD6A22F844E500FCDFD4 /* AssetsFooterView.swift */,
				5DC2CD6B22F844E500FCDFD4 /* AssetsEmptyView.swift */,
			);
			path = View;
			sourceTree = "<group>";
		};
		5DC2CD6C22F844E500FCDFD4 /* Utility */ = {
			isa = PBXGroup;
			children = (
				5DC2CD6D22F844E500FCDFD4 /* NumberFormatter+AssetsPickerViewController.swift */,
				5DC2CD6E22F844E500FCDFD4 /* UIScreen+AssetsPickerViewController.swift */,
				5DC2CD6F22F844E500FCDFD4 /* UIFont+AssetsPickerViewController.swift */,
				5DC2CD7022F844E500FCDFD4 /* String+AssetsPickerViewController.swift */,
				5DC2CD7122F844E500FCDFD4 /* Bundle+AssetsPickerViewController.swift */,
				5DC2CD7222F844E500FCDFD4 /* Device+AssetsPickerViewController.swift */,
			);
			path = Utility;
			sourceTree = "<group>";
		};
		5DC2CD7322F844E500FCDFD4 /* Assets */ = {
			isa = PBXGroup;
			children = (
				5DC2CD7422F844E500FCDFD4 /* AssetsPickerViewController.strings */,
			);
			path = Assets;
			sourceTree = "<group>";
		};
/* End PBXGroup section */

/* Begin PBXHeadersBuildPhase section */
		5DC2CCA322F82D4600FCDFD4 /* Headers */ = {
			isa = PBXHeadersBuildPhase;
			buildActionMask = 2147483647;
			files = (
				5DC2CCAC22F82D4600FCDFD4 /* MultipleAssetsSelection.h in Headers */,
			);
			runOnlyForDeploymentPostprocessing = 0;
		};
/* End PBXHeadersBuildPhase section */

/* Begin PBXNativeTarget section */
		5DC2CC8D22F82D1600FCDFD4 /* MultipleMediaDemo */ = {
			isa = PBXNativeTarget;
			buildConfigurationList = 5DC2CCA022F82D1700FCDFD4 /* Build configuration list for PBXNativeTarget "MultipleMediaDemo" */;
			buildPhases = (
				5DC2CC8A22F82D1600FCDFD4 /* Sources */,
				5DC2CC8B22F82D1600FCDFD4 /* Frameworks */,
				5DC2CC8C22F82D1600FCDFD4 /* Resources */,
				5DC2CCB422F82D4600FCDFD4 /* Embed Frameworks */,
			);
			buildRules = (
			);
			dependencies = (
				5DC2CCAE22F82D4600FCDFD4 /* PBXTargetDependency */,
			);
			name = MultipleMediaDemo;
			productName = MultipleMediaDemo;
			productReference = 5DC2CC8E22F82D1600FCDFD4 /* MultipleMediaDemo.app */;
			productType = "com.apple.product-type.application";
		};
		5DC2CCA722F82D4600FCDFD4 /* MultipleAssetsSelection */ = {
			isa = PBXNativeTarget;
			buildConfigurationList = 5DC2CCB122F82D4600FCDFD4 /* Build configuration list for PBXNativeTarget "MultipleAssetsSelection" */;
			buildPhases = (
				5DC2CCA322F82D4600FCDFD4 /* Headers */,
				5DC2CCA422F82D4600FCDFD4 /* Sources */,
				5DC2CCA522F82D4600FCDFD4 /* Frameworks */,
				5DC2CCA622F82D4600FCDFD4 /* Resources */,
			);
			buildRules = (
			);
			dependencies = (
			);
			name = MultipleAssetsSelection;
			productName = MultipleAssetsSelection;
			productReference = 5DC2CCA822F82D4600FCDFD4 /* MultipleAssetsSelection.framework */;
			productType = "com.apple.product-type.framework";
		};
/* End PBXNativeTarget section */

/* Begin PBXProject section */
		5DC2CC8622F82D1600FCDFD4 /* Project object */ = {
			isa = PBXProject;
			attributes = {
				LastSwiftUpdateCheck = 1010;
				LastUpgradeCheck = 1010;
				ORGANIZATIONNAME = "Solution Analysts";
				TargetAttributes = {
					5DC2CC8D22F82D1600FCDFD4 = {
						CreatedOnToolsVersion = 10.1;
					};
					5DC2CCA722F82D4600FCDFD4 = {
						CreatedOnToolsVersion = 10.1;
						LastSwiftMigration = 1010;
					};
				};
			};
			buildConfigurationList = 5DC2CC8922F82D1600FCDFD4 /* Build configuration list for PBXProject "MultipleMediaDemo" */;
			compatibilityVersion = "Xcode 9.3";
			developmentRegion = en;
			hasScannedForEncodings = 0;
			knownRegions = (
				en,
				Base,
				de,
				ar,
				"zh-Hans",
				ja,
				es,
				ko,
				"zh-Hant",
				"hi-IN",
				tr,
				"es-MX",
				ru,
				fr,
				id,
			);
			mainGroup = 5DC2CC8522F82D1600FCDFD4;
			productRefGroup = 5DC2CC8F22F82D1600FCDFD4 /* Products */;
			projectDirPath = "";
			projectRoot = "";
			targets = (
				5DC2CC8D22F82D1600FCDFD4 /* MultipleMediaDemo */,
				5DC2CCA722F82D4600FCDFD4 /* MultipleAssetsSelection */,
			);
		};
/* End PBXProject section */

/* Begin PBXResourcesBuildPhase section */
		5DC2CC8C22F82D1600FCDFD4 /* Resources */ = {
			isa = PBXResourcesBuildPhase;
			buildActionMask = 2147483647;
			files = (
				5DC2CC9C22F82D1700FCDFD4 /* LaunchScreen.storyboard in Resources */,
				5DC2CC9922F82D1700FCDFD4 /* Assets.xcassets in Resources */,
				5DC2CC9722F82D1600FCDFD4 /* Main.storyboard in Resources */,
			);
			runOnlyForDeploymentPostprocessing = 0;
		};
		5DC2CCA622F82D4600FCDFD4 /* Resources */ = {
			isa = PBXResourcesBuildPhase;
			buildActionMask = 2147483647;
			files = (
				5DC2CDA722F844E500FCDFD4 /* AssetsPickerViewController.strings in Resources */,
			);
			runOnlyForDeploymentPostprocessing = 0;
		};
/* End PBXResourcesBuildPhase section */

/* Begin PBXSourcesBuildPhase section */
		5DC2CC8A22F82D1600FCDFD4 /* Sources */ = {
			isa = PBXSourcesBuildPhase;
			buildActionMask = 2147483647;
			files = (
				5DC2CC9422F82D1600FCDFD4 /* ViewController.swift in Sources */,
				5DC2CC9222F82D1600FCDFD4 /* AppDelegate.swift in Sources */,
			);
			runOnlyForDeploymentPostprocessing = 0;
		};
		5DC2CCA422F82D4600FCDFD4 /* Sources */ = {
			isa = PBXSourcesBuildPhase;
			buildActionMask = 2147483647;
			files = (
				5DC2CD9122F844E500FCDFD4 /* AssetsManager+Sync.swift in Sources */,
				5DC2CD9922F844E500FCDFD4 /* AssetsPhotoViewController.swift in Sources */,
				5DC2CD8F22F844E500FCDFD4 /* TinyLog.swift in Sources */,
				5DC2CD8C22F844E500FCDFD4 /* UIView+Dimmer.swift in Sources */,
				5DC2CD9522F844E500FCDFD4 /* AssetsAlbumHeaderView.swift in Sources */,
				5DC2CDA022F844E500FCDFD4 /* AssetsEmptyView.swift in Sources */,
				5DC2CD8722F844E500FCDFD4 /* AssetsGuideView.swift in Sources */,
				5DC2CDA322F844E500FCDFD4 /* UIFont+AssetsPickerViewController.swift in Sources */,
				5DC2CD9422F844E500FCDFD4 /* AssetsAlbumLayout.swift in Sources */,
				5DC2CDA622F844E500FCDFD4 /* Device+AssetsPickerViewController.swift in Sources */,
				5DC2CD9B22F844E500FCDFD4 /* AssetsNoPermissionView.swift in Sources */,
				5DC2CD8D22F844E500FCDFD4 /* UIView+KVO.swift in Sources */,
				5DC2CD8A22F844E500FCDFD4 /* AssetsCropViewController.swift in Sources */,
				5DC2CD8822F844E500FCDFD4 /* AssetsPickerConfig.swift in Sources */,
				5DC2CDA522F844E500FCDFD4 /* Bundle+AssetsPickerViewController.swift in Sources */,
				5DC2CD9F22F844E500FCDFD4 /* AssetsFooterView.swift in Sources */,
				5DC2CD9822F844E500FCDFD4 /* AssetsPreviewController.swift in Sources */,
				5DC2CD8B22F844E500FCDFD4 /* UIColor+ARGB.swift in Sources */,
				5DC2CD8522F844E500FCDFD4 /* AssetsPickerViewController.swift in Sources */,
				5DC2CD9022F844E500FCDFD4 /* AssetsManager.swift in Sources */,
				5DC2CD9A22F844E500FCDFD4 /* PanoramaIconView.swift in Sources */,
				5DC2CDA122F844E500FCDFD4 /* NumberFormatter+AssetsPickerViewController.swift in Sources */,
				5DC2CDA422F844E500FCDFD4 /* String+AssetsPickerViewController.swift in Sources */,
				5DC2CDA222F844E500FCDFD4 /* UIScreen+AssetsPickerViewController.swift in Sources */,
				5DC2CD9622F844E500FCDFD4 /* AssetsAlbumCell.swift in Sources */,
				5DC2CD9D22F844E500FCDFD4 /* AssetsPhotoCellOverlay.swift in Sources */,
				5DC2CD8422F844E500FCDFD4 /* AssetsPickerCustomStringConfig.swift in Sources */,
				5DC2CD9222F844E500FCDFD4 /* AssetsUtility.swift in Sources */,
				5DC2CD8E22F844E500FCDFD4 /* UIView+Fade.swift in Sources */,
				5DC2CD9E22F844E500FCDFD4 /* AssetsPhotoCell.swift in Sources */,
				5DC2CD8622F844E500FCDFD4 /* SSCheckMark.swift in Sources */,
				5DC2CD9C22F844E500FCDFD4 /* AssetsPhotoLayout.swift in Sources */,
				5DC2CD9722F844E500FCDFD4 /* AssetsAlbumTitleView.swift in Sources */,
				5DC2CD9322F844E500FCDFD4 /* AssetsAlbumViewController.swift in Sources */,
			);
			runOnlyForDeploymentPostprocessing = 0;
		};
/* End PBXSourcesBuildPhase section */

/* Begin PBXTargetDependency section */
		5DC2CCAE22F82D4600FCDFD4 /* PBXTargetDependency */ = {
			isa = PBXTargetDependency;
			target = 5DC2CCA722F82D4600FCDFD4 /* MultipleAssetsSelection */;
			targetProxy = 5DC2CCAD22F82D4600FCDFD4 /* PBXContainerItemProxy */;
		};
/* End PBXTargetDependency section */

/* Begin PBXVariantGroup section */
		5DC2CC9522F82D1600FCDFD4 /* Main.storyboard */ = {
			isa = PBXVariantGroup;
			children = (
				5DC2CC9622F82D1600FCDFD4 /* Base */,
			);
			name = Main.storyboard;
			sourceTree = "<group>";
		};
		5DC2CC9A22F82D1700FCDFD4 /* LaunchScreen.storyboard */ = {
			isa = PBXVariantGroup;
			children = (
				5DC2CC9B22F82D1700FCDFD4 /* Base */,
			);
			name = LaunchScreen.storyboard;
			sourceTree = "<group>";
		};
		5DC2CD7422F844E500FCDFD4 /* AssetsPickerViewController.strings */ = {
			isa = PBXVariantGroup;
			children = (
				5DC2CD7522F844E500FCDFD4 /* de */,
				5DC2CD7622F844E500FCDFD4 /* ar */,
				5DC2CD7722F844E500FCDFD4 /* zh-Hans */,
				5DC2CD7822F844E500FCDFD4 /* ja */,
				5DC2CD7922F844E500FCDFD4 /* en */,
				5DC2CD7A22F844E500FCDFD4 /* es */,
				5DC2CD7C22F844E500FCDFD4 /* ko */,
				5DC2CD7D22F844E500FCDFD4 /* zh-Hant */,
				5DC2CD7E22F844E500FCDFD4 /* hi-IN */,
				5DC2CD7F22F844E500FCDFD4 /* tr */,
				5DC2CD8022F844E500FCDFD4 /* es-MX */,
				5DC2CD8122F844E500FCDFD4 /* ru */,
				5DC2CD8222F844E500FCDFD4 /* fr */,
				5DC2CD8322F844E500FCDFD4 /* id */,
			);
			name = AssetsPickerViewController.strings;
			sourceTree = "<group>";
		};
/* End PBXVariantGroup section */

/* Begin XCBuildConfiguration section */
		5DC2CC9E22F82D1700FCDFD4 /* Debug */ = {
			isa = XCBuildConfiguration;
			buildSettings = {
				ALWAYS_SEARCH_USER_PATHS = NO;
				CLANG_ANALYZER_NONNULL = YES;
				CLANG_ANALYZER_NUMBER_OBJECT_CONVERSION = YES_AGGRESSIVE;
				CLANG_CXX_LANGUAGE_STANDARD = "gnu++14";
				CLANG_CXX_LIBRARY = "libc++";
				CLANG_ENABLE_MODULES = YES;
				CLANG_ENABLE_OBJC_ARC = YES;
				CLANG_ENABLE_OBJC_WEAK = YES;
				CLANG_WARN_BLOCK_CAPTURE_AUTORELEASING = YES;
				CLANG_WARN_BOOL_CONVERSION = YES;
				CLANG_WARN_COMMA = YES;
				CLANG_WARN_CONSTANT_CONVERSION = YES;
				CLANG_WARN_DEPRECATED_OBJC_IMPLEMENTATIONS = YES;
				CLANG_WARN_DIRECT_OBJC_ISA_USAGE = YES_ERROR;
				CLANG_WARN_DOCUMENTATION_COMMENTS = YES;
				CLANG_WARN_EMPTY_BODY = YES;
				CLANG_WARN_ENUM_CONVERSION = YES;
				CLANG_WARN_INFINITE_RECURSION = YES;
				CLANG_WARN_INT_CONVERSION = YES;
				CLANG_WARN_NON_LITERAL_NULL_CONVERSION = YES;
				CLANG_WARN_OBJC_IMPLICIT_RETAIN_SELF = YES;
				CLANG_WARN_OBJC_LITERAL_CONVERSION = YES;
				CLANG_WARN_OBJC_ROOT_CLASS = YES_ERROR;
				CLANG_WARN_RANGE_LOOP_ANALYSIS = YES;
				CLANG_WARN_STRICT_PROTOTYPES = YES;
				CLANG_WARN_SUSPICIOUS_MOVE = YES;
				CLANG_WARN_UNGUARDED_AVAILABILITY = YES_AGGRESSIVE;
				CLANG_WARN_UNREACHABLE_CODE = YES;
				CLANG_WARN__DUPLICATE_METHOD_MATCH = YES;
				CODE_SIGN_IDENTITY = "iPhone Developer";
				COPY_PHASE_STRIP = NO;
				DEBUG_INFORMATION_FORMAT = dwarf;
				ENABLE_STRICT_OBJC_MSGSEND = YES;
				ENABLE_TESTABILITY = YES;
				GCC_C_LANGUAGE_STANDARD = gnu11;
				GCC_DYNAMIC_NO_PIC = NO;
				GCC_NO_COMMON_BLOCKS = YES;
				GCC_OPTIMIZATION_LEVEL = 0;
				GCC_PREPROCESSOR_DEFINITIONS = (
					"DEBUG=1",
					"$(inherited)",
				);
				GCC_WARN_64_TO_32_BIT_CONVERSION = YES;
				GCC_WARN_ABOUT_RETURN_TYPE = YES_ERROR;
				GCC_WARN_UNDECLARED_SELECTOR = YES;
				GCC_WARN_UNINITIALIZED_AUTOS = YES_AGGRESSIVE;
				GCC_WARN_UNUSED_FUNCTION = YES;
				GCC_WARN_UNUSED_VARIABLE = YES;
				IPHONEOS_DEPLOYMENT_TARGET = 12.1;
				MTL_ENABLE_DEBUG_INFO = INCLUDE_SOURCE;
				MTL_FAST_MATH = YES;
				ONLY_ACTIVE_ARCH = YES;
				SDKROOT = iphoneos;
				SWIFT_ACTIVE_COMPILATION_CONDITIONS = DEBUG;
				SWIFT_OPTIMIZATION_LEVEL = "-Onone";
			};
			name = Debug;
		};
		5DC2CC9F22F82D1700FCDFD4 /* Release */ = {
			isa = XCBuildConfiguration;
			buildSettings = {
				ALWAYS_SEARCH_USER_PATHS = NO;
				CLANG_ANALYZER_NONNULL = YES;
				CLANG_ANALYZER_NUMBER_OBJECT_CONVERSION = YES_AGGRESSIVE;
				CLANG_CXX_LANGUAGE_STANDARD = "gnu++14";
				CLANG_CXX_LIBRARY = "libc++";
				CLANG_ENABLE_MODULES = YES;
				CLANG_ENABLE_OBJC_ARC = YES;
				CLANG_ENABLE_OBJC_WEAK = YES;
				CLANG_WARN_BLOCK_CAPTURE_AUTORELEASING = YES;
				CLANG_WARN_BOOL_CONVERSION = YES;
				CLANG_WARN_COMMA = YES;
				CLANG_WARN_CONSTANT_CONVERSION = YES;
				CLANG_WARN_DEPRECATED_OBJC_IMPLEMENTATIONS = YES;
				CLANG_WARN_DIRECT_OBJC_ISA_USAGE = YES_ERROR;
				CLANG_WARN_DOCUMENTATION_COMMENTS = YES;
				CLANG_WARN_EMPTY_BODY = YES;
				CLANG_WARN_ENUM_CONVERSION = YES;
				CLANG_WARN_INFINITE_RECURSION = YES;
				CLANG_WARN_INT_CONVERSION = YES;
				CLANG_WARN_NON_LITERAL_NULL_CONVERSION = YES;
				CLANG_WARN_OBJC_IMPLICIT_RETAIN_SELF = YES;
				CLANG_WARN_OBJC_LITERAL_CONVERSION = YES;
				CLANG_WARN_OBJC_ROOT_CLASS = YES_ERROR;
				CLANG_WARN_RANGE_LOOP_ANALYSIS = YES;
				CLANG_WARN_STRICT_PROTOTYPES = YES;
				CLANG_WARN_SUSPICIOUS_MOVE = YES;
				CLANG_WARN_UNGUARDED_AVAILABILITY = YES_AGGRESSIVE;
				CLANG_WARN_UNREACHABLE_CODE = YES;
				CLANG_WARN__DUPLICATE_METHOD_MATCH = YES;
				CODE_SIGN_IDENTITY = "iPhone Developer";
				COPY_PHASE_STRIP = NO;
				DEBUG_INFORMATION_FORMAT = "dwarf-with-dsym";
				ENABLE_NS_ASSERTIONS = NO;
				ENABLE_STRICT_OBJC_MSGSEND = YES;
				GCC_C_LANGUAGE_STANDARD = gnu11;
				GCC_NO_COMMON_BLOCKS = YES;
				GCC_WARN_64_TO_32_BIT_CONVERSION = YES;
				GCC_WARN_ABOUT_RETURN_TYPE = YES_ERROR;
				GCC_WARN_UNDECLARED_SELECTOR = YES;
				GCC_WARN_UNINITIALIZED_AUTOS = YES_AGGRESSIVE;
				GCC_WARN_UNUSED_FUNCTION = YES;
				GCC_WARN_UNUSED_VARIABLE = YES;
				IPHONEOS_DEPLOYMENT_TARGET = 12.1;
				MTL_ENABLE_DEBUG_INFO = NO;
				MTL_FAST_MATH = YES;
				SDKROOT = iphoneos;
				SWIFT_COMPILATION_MODE = wholemodule;
				SWIFT_OPTIMIZATION_LEVEL = "-O";
				VALIDATE_PRODUCT = YES;
			};
			name = Release;
		};
		5DC2CCA122F82D1700FCDFD4 /* Debug */ = {
			isa = XCBuildConfiguration;
			buildSettings = {
				ALWAYS_EMBED_SWIFT_STANDARD_LIBRARIES = YES;
				ASSETCATALOG_COMPILER_APPICON_NAME = AppIcon;
				CODE_SIGN_STYLE = Automatic;
				INFOPLIST_FILE = MultipleMediaDemo/Info.plist;
				LD_RUNPATH_SEARCH_PATHS = (
					"$(inherited)",
					"@executable_path/Frameworks",
				);
				PRODUCT_BUNDLE_IDENTIFIER = com.solutionanalysts.MultipleMediaDemo;
				PRODUCT_NAME = "$(TARGET_NAME)";
				SWIFT_VERSION = 4.2;
				TARGETED_DEVICE_FAMILY = "1,2";
			};
			name = Debug;
		};
		5DC2CCA222F82D1700FCDFD4 /* Release */ = {
			isa = XCBuildConfiguration;
			buildSettings = {
				ALWAYS_EMBED_SWIFT_STANDARD_LIBRARIES = YES;
				ASSETCATALOG_COMPILER_APPICON_NAME = AppIcon;
				CODE_SIGN_STYLE = Automatic;
				INFOPLIST_FILE = MultipleMediaDemo/Info.plist;
				LD_RUNPATH_SEARCH_PATHS = (
					"$(inherited)",
					"@executable_path/Frameworks",
				);
				PRODUCT_BUNDLE_IDENTIFIER = com.solutionanalysts.MultipleMediaDemo;
				PRODUCT_NAME = "$(TARGET_NAME)";
				SWIFT_VERSION = 4.2;
				TARGETED_DEVICE_FAMILY = "1,2";
			};
			name = Release;
		};
		5DC2CCB222F82D4600FCDFD4 /* Debug */ = {
			isa = XCBuildConfiguration;
			buildSettings = {
				CLANG_ENABLE_MODULES = YES;
				CODE_SIGN_IDENTITY = "";
				CODE_SIGN_STYLE = Automatic;
				CURRENT_PROJECT_VERSION = 1;
				DEFINES_MODULE = YES;
				DYLIB_COMPATIBILITY_VERSION = 1;
				DYLIB_CURRENT_VERSION = 1;
				DYLIB_INSTALL_NAME_BASE = "@rpath";
				INFOPLIST_FILE = MultipleAssetsSelection/Info.plist;
				INSTALL_PATH = "$(LOCAL_LIBRARY_DIR)/Frameworks";
				LD_RUNPATH_SEARCH_PATHS = (
					"$(inherited)",
					"@executable_path/Frameworks",
					"@loader_path/Frameworks",
				);
				PRODUCT_BUNDLE_IDENTIFIER = com.solutionanalysts.MultipleAssetsSelection;
				PRODUCT_NAME = "$(TARGET_NAME:c99extidentifier)";
				SKIP_INSTALL = YES;
				SWIFT_OPTIMIZATION_LEVEL = "-Onone";
				SWIFT_VERSION = 4.2;
				TARGETED_DEVICE_FAMILY = "1,2";
				VERSIONING_SYSTEM = "apple-generic";
				VERSION_INFO_PREFIX = "";
			};
			name = Debug;
		};
		5DC2CCB322F82D4600FCDFD4 /* Release */ = {
			isa = XCBuildConfiguration;
			buildSettings = {
				CLANG_ENABLE_MODULES = YES;
				CODE_SIGN_IDENTITY = "";
				CODE_SIGN_STYLE = Automatic;
				CURRENT_PROJECT_VERSION = 1;
				DEFINES_MODULE = YES;
				DYLIB_COMPATIBILITY_VERSION = 1;
				DYLIB_CURRENT_VERSION = 1;
				DYLIB_INSTALL_NAME_BASE = "@rpath";
				INFOPLIST_FILE = MultipleAssetsSelection/Info.plist;
				INSTALL_PATH = "$(LOCAL_LIBRARY_DIR)/Frameworks";
				LD_RUNPATH_SEARCH_PATHS = (
					"$(inherited)",
					"@executable_path/Frameworks",
					"@loader_path/Frameworks",
				);
				PRODUCT_BUNDLE_IDENTIFIER = com.solutionanalysts.MultipleAssetsSelection;
				PRODUCT_NAME = "$(TARGET_NAME:c99extidentifier)";
				SKIP_INSTALL = YES;
				SWIFT_VERSION = 4.2;
				TARGETED_DEVICE_FAMILY = "1,2";
				VERSIONING_SYSTEM = "apple-generic";
				VERSION_INFO_PREFIX = "";
			};
			name = Release;
		};
/* End XCBuildConfiguration section */

/* Begin XCConfigurationList section */
		5DC2CC8922F82D1600FCDFD4 /* Build configuration list for PBXProject "MultipleMediaDemo" */ = {
			isa = XCConfigurationList;
			buildConfigurations = (
				5DC2CC9E22F82D1700FCDFD4 /* Debug */,
				5DC2CC9F22F82D1700FCDFD4 /* Release */,
			);
			defaultConfigurationIsVisible = 0;
			defaultConfigurationName = Release;
		};
		5DC2CCA022F82D1700FCDFD4 /* Build configuration list for PBXNativeTarget "MultipleMediaDemo" */ = {
			isa = XCConfigurationList;
			buildConfigurations = (
				5DC2CCA122F82D1700FCDFD4 /* Debug */,
				5DC2CCA222F82D1700FCDFD4 /* Release */,
			);
			defaultConfigurationIsVisible = 0;
			defaultConfigurationName = Release;
		};
		5DC2CCB122F82D4600FCDFD4 /* Build configuration list for PBXNativeTarget "MultipleAssetsSelection" */ = {
			isa = XCConfigurationList;
			buildConfigurations = (
				5DC2CCB222F82D4600FCDFD4 /* Debug */,
				5DC2CCB322F82D4600FCDFD4 /* Release */,
			);
			defaultConfigurationIsVisible = 0;
			defaultConfigurationName = Release;
		};
/* End XCConfigurationList section */
	};
	rootObject = 5DC2CC8622F82D1600FCDFD4 /* Project object */;
}
